
Microsoft Visual Studio Solution File, Format Version 12.00
# Visual Studio Version 16
VisualStudioVersion = 16.0.35229.62
MinimumVisualStudioVersion = 10.0.40219.1
Project("{FAE04EC0-301F-11D3-BF4B-00C04F79EFBC}") = "Exm1PRO", "Exm1PRO.csproj", "{AA8D4B22-613F-4F0A-9C3C-0C9BA0AD2E06}"
EndProject
Global
	GlobalSection(SolutionConfigurationPlatforms) = preSolution
		Debug|Any CPU = Debug|Any CPU
		Release|Any CPU = Release|Any CPU
	EndGlobalSection
	GlobalSection(ProjectConfigurationPlatforms) = postSolution
		{AA8D4B22-613F-4F0A-9C3C-0C9BA0AD2E06}.Debug|Any CPU.ActiveCfg = Debug|Any CPU
		{AA8D4B22-613F-4F0A-9C3C-0C9BA0AD2E06}.Debug|Any CPU.Build.0 = Debug|Any CPU
		{AA8D4B22-613F-4F0A-9C3C-0C9BA0AD2E06}.Release|Any CPU.ActiveCfg = Release|Any CPU
		{AA8D4B22-613F-4F0A-9C3C-0C9BA0AD2E06}.Release|Any CPU.Build.0 = Release|Any CPU
	EndGlobalSection
	GlobalSection(SolutionProperties) = preSolution
		HideSolutionNode = FALSE
	EndGlobalSection
	GlobalSection(ExtensibilityGlobals) = postSolution
		SolutionGuid = {1D28B043-F6CA-4FB1-9192-2F1DCD6E19A5}
	EndGlobalSection
EndGlobal
